Microsoft Visual Studio Solution File, Format Version 12.00
# Visual Studio Version 16
VisualStudioVersion = 16.0.28803.202
MinimumVisualStudioVersion = 10.0.40219.1
Project("{9A19103F-16F7-4668-BE54-9A1E7A4F7556}") = "Karamem0.SPClientCore", "Karamem0.SPClientCore\Karamem0.SPClientCore.csproj", "{6E1E16BC-3DB1-40B2-893D-41680CC99C18}"
EndProject
Project("{9A19103F-16F7-4668-BE54-9A1E7A4F7556}") = "Karamem0.SPClientCore.Tests", "Karamem0.SPClientCore.Tests\Karamem0.SPClientCore.Tests.csproj", "{50777DB7-9695-4083-8821-5B8EDD0E4434}"
EndProject
Project("{FAE04EC0-301F-11D3-BF4B-00C04F79EFBC}") = "Karamem0.SPClientCore.Tests.Utilities", "Karamem0.SPClientCore.Tests.Utilities\Karamem0.SPClientCore.Tests.Utilities.csproj", "{A2DE8097-FE15-4D7E-9AEA-18E1D9A87DFA}"
EndProject
Project("{2150E333-8FDC-42A3-9474-1A3956D46DE8}") = "Solution Items", "Solution Items", "{1BC0D3B8-1EF1-48F1-92F6-227748E41211}"
	ProjectSection(SolutionItems) = preProject
		.editorconfig = .editorconfig
		.gitignore = .gitignore
	EndProjectSection
EndProject
Global
	GlobalSection(SolutionConfigurationPlatforms) = preSolution
		Debug|Any CPU = Debug|Any CPU
		Debug|x64 = Debug|x64
		Debug|x86 = Debug|x86
		Release|Any CPU = Release|Any CPU
		Release|x64 = Release|x64
		Release|x86 = Release|x86
	EndGlobalSection
	GlobalSection(ProjectConfigurationPlatforms) = postSolution
		{6E1E16BC-3DB1-40B2-893D-41680CC99C18}.Debug|Any CPU.ActiveCfg = Debug|Any CPU
		{6E1E16BC-3DB1-40B2-893D-41680CC99C18}.Debug|Any CPU.Build.0 = Debug|Any CPU
		{6E1E16BC-3DB1-40B2-893D-41680CC99C18}.Debug|x64.ActiveCfg = Debug|Any CPU
		{6E1E16BC-3DB1-40B2-893D-41680CC99C18}.Debug|x64.Build.0 = Debug|Any CPU
		{6E1E16BC-3DB1-40B2-893D-41680CC99C18}.Debug|x86.ActiveCfg = Debug|Any CPU
		{6E1E16BC-3DB1-40B2-893D-41680CC99C18}.Debug|x86.Build.0 = Debug|Any CPU
		{6E1E16BC-3DB1-40B2-893D-41680CC99C18}.Release|Any CPU.ActiveCfg = Release|Any CPU
		{6E1E16BC-3DB1-40B2-893D-41680CC99C18}.Release|Any CPU.Build.0 = Release|Any CPU
		{6E1E16BC-3DB1-40B2-893D-41680CC99C18}.Release|x64.ActiveCfg = Release|Any CPU
		{6E1E16BC-3DB1-40B2-893D-41680CC99C18}.Release|x64.Build.0 = Release|Any CPU
		{6E1E16BC-3DB1-40B2-893D-41680CC99C18}.Release|x86.ActiveCfg = Release|Any CPU
		{6E1E16BC-3DB1-40B2-893D-41680CC99C18}.Release|x86.Build.0 = Release|Any CPU
		{50777DB7-9695-4083-8821-5B8EDD0E4434}.Debug|Any CPU.ActiveCfg = Debug|Any CPU
		{50777DB7-9695-4083-8821-5B8EDD0E4434}.Debug|Any CPU.Build.0 = Debug|Any CPU
		{50777DB7-9695-4083-8821-5B8EDD0E4434}.Debug|x64.ActiveCfg = Debug|Any CPU
		{50777DB7-9695-4083-8821-5B8EDD0E4434}.Debug|x64.Build.0 = Debug|Any CPU
		{50777DB7-9695-4083-8821-5B8EDD0E4434}.Debug|x86.ActiveCfg = Debug|Any CPU
		{50777DB7-9695-4083-8821-5B8EDD0E4434}.Debug|x86.Build.0 = Debug|Any CPU
		{50777DB7-9695-4083-8821-5B8EDD0E4434}.Release|Any CPU.ActiveCfg = Release|Any CPU
		{50777DB7-9695-4083-8821-5B8EDD0E4434}.Release|Any CPU.Build.0 = Release|Any CPU
		{50777DB7-9695-4083-8821-5B8EDD0E4434}.Release|x64.ActiveCfg = Release|Any CPU
		{50777DB7-9695-4083-8821-5B8EDD0E4434}.Release|x64.Build.0 = Release|Any CPU
		{50777DB7-9695-4083-8821-5B8EDD0E4434}.Release|x86.ActiveCfg = Release|Any CPU
		{50777DB7-9695-4083-8821-5B8EDD0E4434}.Release|x86.Build.0 = Release|Any CPU
		{A2DE8097-FE15-4D7E-9AEA-18E1D9A87DFA}.Debug|Any CPU.ActiveCfg = Debug|Any CPU
		{A2DE8097-FE15-4D7E-9AEA-18E1D9A87DFA}.Debug|Any CPU.Build.0 = Debug|Any CPU
		{A2DE8097-FE15-4D7E-9AEA-18E1D9A87DFA}.Debug|x64.ActiveCfg = Debug|Any CPU
		{A2DE8097-FE15-4D7E-9AEA-18E1D9A87DFA}.Debug|x64.Build.0 = Debug|Any CPU
		{A2DE8097-FE15-4D7E-9AEA-18E1D9A87DFA}.Debug|x86.ActiveCfg = Debug|Any CPU
		{A2DE8097-FE15-4D7E-9AEA-18E1D9A87DFA}.Debug|x86.Build.0 = Debug|Any CPU
		{A2DE8097-FE15-4D7E-9AEA-18E1D9A87DFA}.Release|Any CPU.ActiveCfg = Release|Any CPU
		{A2DE8097-FE15-4D7E-9AEA-18E1D9A87DFA}.Release|Any CPU.Build.0 = Release|Any CPU
		{A2DE8097-FE15-4D7E-9AEA-18E1D9A87DFA}.Release|x64.ActiveCfg = Release|Any CPU
		{A2DE8097-FE15-4D7E-9AEA-18E1D9A87DFA}.Release|x64.Build.0 = Release|Any CPU
		{A2DE8097-FE15-4D7E-9AEA-18E1D9A87DFA}.Release|x86.ActiveCfg = Release|Any CPU
		{A2DE8097-FE15-4D7E-9AEA-18E1D9A87DFA}.Release|x86.Build.0 = Release|Any CPU
	EndGlobalSection
	GlobalSection(SolutionProperties) = preSolution
		HideSolutionNode = FALSE
	EndGlobalSection
	GlobalSection(ExtensibilityGlobals) = postSolution
		SolutionGuid = {B5853A23-F400-45C4-A913-0CE59636C716}
	EndGlobalSection
EndGlobal
